# THIS IS AN AUTOGENERATED FILE. DO NOT EDIT THIS FILE DIRECTLY.
# yarn lockfile v1


"@types/lodash@^4.0.0":
  version "4.14.181"
  resolved "https://registry.yarnpkg.com/@types/lodash/-/lodash-4.14.181.tgz#d1d3740c379fda17ab175165ba04e2d03389385d"
  integrity sha512-n3tyKthHJbkiWhDZs3DkhkCzt2MexYHXlX0td5iMplyfwketaOeKboEVBqzceH7juqvEg3q5oUoBFxSLu7zFag==

"@types/prop-types@*":
  version "15.7.4"
  resolved "https://registry.yarnpkg.com/@types/prop-types/-/prop-types-15.7.4.tgz#fcf7205c25dff795ee79af1e30da2c9790808f11"
  integrity sha512-rZ5drC/jWjrArrS8BR6SIr4cWpW09RNTYt9AMZo3Jwwif+iacXAqgVjm0B0Bv/S1jhDXKHqRVNCbACkJ89RAnQ==

"@types/react@^17.0.43":
  version "17.0.43"
  resolved "https://registry.yarnpkg.com/@types/react/-/react-17.0.43.tgz#4adc142887dd4a2601ce730bc56c3436fdb07a55"
  integrity sha512-8Q+LNpdxf057brvPu1lMtC5Vn7J119xrP1aq4qiaefNioQUYANF/CYeK4NsKorSZyUGJ66g0IM+4bbjwx45o2A==
  dependencies:
    "@types/prop-types" "*"
    "@types/scheduler" "*"
    csstype "^3.0.2"

"@types/scheduler@*":
  version "0.16.2"
  resolved "https://registry.yarnpkg.com/@types/scheduler/-/scheduler-0.16.2.tgz#1a62f89525723dde24ba1b01b092bf5df8ad4d39"
  integrity sha512-hppQEBDmlwhFAXKJX2KnWLYu5yMfi91yazPb2l+lbJiwW+wdo1gNeRA+3RgNSO39WYX2euey41KEwnqesU2Jew==

commander@^2.20.0:
  version "2.20.3"
  resolved "https://registry.yarnpkg.com/commander/-/commander-2.20.3.tgz#fd485e84c03eb4881c20722ba48035e8531aeb33"
  integrity sha512-GpVkmM8vF2vQUkj2LvZmD35JxeJOLCwJ9cUkugyk2nuhbv3+mJvpLYYt+0+USMxE+oj+ey/lJEnhZw75x/OMcQ==

csstype@^3.0.2:
  version "3.0.11"
  resolved "https://registry.yarnpkg.com/csstype/-/csstype-3.0.11.tgz#d66700c5eacfac1940deb4e3ee5642792d85cd33"
  integrity sha512-sa6P2wJ+CAbgyy4KFssIb/JNMLxFvKF1pCYCSXS8ZMuqZnMsrxqI2E5sPyoTpxoPU/gVZMzr2zjOfg8GIZOMsw==

executioner@^2.0.1:
  version "2.0.1"
  resolved "https://registry.yarnpkg.com/executioner/-/executioner-2.0.1.tgz#add328e03bc45dd598f358fbb529fc0be0ec6fcd"
  integrity sha1-rdMo4DvEXdWY81j7tSn8C+Dsb80=
  dependencies:
    mixly "^1.0.0"

fulcon@^1.0.1:
  version "1.0.2"
  resolved "https://registry.yarnpkg.com/fulcon/-/fulcon-1.0.2.tgz#8a4dfda4c73fcd9cc62a79d5045c392b45547320"
  integrity sha1-ik39pMc/zZzGKnnVBFw5K0VUcyA=

install-peers-cli@^2.2.0:
  version "2.2.0"
  resolved "https://registry.yarnpkg.com/install-peers-cli/-/install-peers-cli-2.2.0.tgz#f76f1ec8ac9fa7f920c05743e011554edad85f8d"
  integrity sha512-scSNvF49HDOLNm2xLFwST23g/OvfsceiA087bcGBgZP/ZNCrvpSaCn5IrWNZ2XYmFFykXF/6J1Zgm+D/JgRgtA==
  dependencies:
    commander "^2.20.0"
    executioner "^2.0.1"

jwt-decode@>=3.0.0:
  version "3.1.2"
  resolved "https://registry.yarnpkg.com/jwt-decode/-/jwt-decode-3.1.2.tgz#3fb319f3675a2df0c2895c8f5e9fa4b67b04ed59"
  integrity sha512-UfpWE/VZn0iP50d8cz9NrZLM9lSWhcJ+0Gt/nm4by88UL+J1SiKN8/5dkjMmbEzwL2CAe+67GsegCbIKtbp75A==

lodash@>=4.0.0:
  version "4.17.21"
  resolved "https://registry.yarnpkg.com/lodash/-/lodash-4.17.21.tgz#679591c564c3bffaae8454cf0b3df370c3d6911c"
  integrity sha512-v2kDEe57lecTulaDIuNTPy3Ry4gLGJ6Z1O3vE1krgXZNrsQ+LFTGHVxVjcXPs17LhbZVGedAJv8XZ1tvj5FvSg==

mixly@^1.0.0:
  version "1.0.0"
  resolved "https://registry.yarnpkg.com/mixly/-/mixly-1.0.0.tgz#9b5a2e1f63e6dfba0d30e6797ffae62ab1dc24ef"
  integrity sha1-m1ouH2Pm37oNMOZ5f/rmKrHcJO8=
  dependencies:
    fulcon "^1.0.1"

typescript@^4.6.3:
  version "4.6.3"
  resolved "https://registry.yarnpkg.com/typescript/-/typescript-4.6.3.tgz#eefeafa6afdd31d725584c67a0eaba80f6fc6c6c"
  integrity sha512-yNIatDa5iaofVozS/uQJEl3JRWLKKGJKh6Yaiv0GLGSuhpFJe7P3SbHZ8/yjAHRQwKRoA6YZqlfjXWmVzoVSMw==
